// !$*UTF8*$!
{
	archiveVersion = 1;
	classes = {
	};
	objectVersion = 56;
	objects = {

/* Begin PBXBuildFile section */
		D027350B28D9EC37000731F4 /* EUR.swift in Sources */ = {isa = PBXBuildFile; fileRef = D027350528D9EC35000731F4 /* EUR.swift */; };
		D027350C28D9EC37000731F4 /* Bpi.swift in Sources */ = {isa = PBXBuildFile; fileRef = D027350628D9EC36000731F4 /* Bpi.swift */; };
		D027350D28D9EC37000731F4 /* GBP.swift in Sources */ = {isa = PBXBuildFile; fileRef = D027350728D9EC36000731F4 /* GBP.swift */; };
		D027350E28D9EC37000731F4 /* Time.swift in Sources */ = {isa = PBXBuildFile; fileRef = D027350828D9EC36000731F4 /* Time.swift */; };
		D027350F28D9EC37000731F4 /* USD.swift in Sources */ = {isa = PBXBuildFile; fileRef = D027350928D9EC37000731F4 /* USD.swift */; };
		D027351028D9EC37000731F4 /* Request.swift in Sources */ = {isa = PBXBuildFile; fileRef = D027350A28D9EC37000731F4 /* Request.swift */; };
		D027351428D9ED07000731F4 /* Montserrat-Medium.ttf in Resources */ = {isa = PBXBuildFile; fileRef = D027351128D9ED06000731F4 /* Montserrat-Medium.ttf */; };
		D027351528D9ED07000731F4 /* Montserrat-SemiBold.ttf in Resources */ = {isa = PBXBuildFile; fileRef = D027351228D9ED07000731F4 /* Montserrat-SemiBold.ttf */; };
		D027351628D9ED07000731F4 /* Montserrat-Regular.ttf in Resources */ = {isa = PBXBuildFile; fileRef = D027351328D9ED07000731F4 /* Montserrat-Regular.ttf */; };
		D029826D28D47377001FDB3A /* HomeViewController.swift in Sources */ = {isa = PBXBuildFile; fileRef = D029826C28D47376001FDB3A /* HomeViewController.swift */; };
		D029826F28D47DD8001FDB3A /* UIColorExtension.swift in Sources */ = {isa = PBXBuildFile; fileRef = D029826E28D47DD8001FDB3A /* UIColorExtension.swift */; };
		D03640AB28D497F000BAFD41 /* NetworkRequest.swift in Sources */ = {isa = PBXBuildFile; fileRef = D03640AA28D497F000BAFD41 /* NetworkRequest.swift */; };
		D03A7AD728DC765C003C3AC9 /* DoubleExtension.swift in Sources */ = {isa = PBXBuildFile; fileRef = D03A7AD628DC765C003C3AC9 /* DoubleExtension.swift */; };
		D03A7AD928DC76B2003C3AC9 /* PaymentExtension.swift in Sources */ = {isa = PBXBuildFile; fileRef = D03A7AD828DC76B2003C3AC9 /* PaymentExtension.swift */; };
		D04342E228DC406F0092DC36 /* UIStackViewExtension.swift in Sources */ = {isa = PBXBuildFile; fileRef = D04342E128DC406F0092DC36 /* UIStackViewExtension.swift */; };
		D055271328DB9BDD00EEE63F /* UITextFieldExtension.swift in Sources */ = {isa = PBXBuildFile; fileRef = D055271228DB9BDD00EEE63F /* UITextFieldExtension.swift */; };
		D0A187FF28D6776200294D00 /* UIButtonExtension.swift in Sources */ = {isa = PBXBuildFile; fileRef = D0A187FE28D6776200294D00 /* UIButtonExtension.swift */; };
		D0A1880128D679FD00294D00 /* UILabelExtension.swift in Sources */ = {isa = PBXBuildFile; fileRef = D0A1880028D679FD00294D00 /* UILabelExtension.swift */; };
		D0A1880328D75F8300294D00 /* DataService.swift in Sources */ = {isa = PBXBuildFile; fileRef = D0A1880228D75F8300294D00 /* DataService.swift */; };
		D0B9B98628D374A800AB75E6 /* AppDelegate.swift in Sources */ = {isa = PBXBuildFile; fileRef = D0B9B98528D374A800AB75E6 /* AppDelegate.swift */; };
		D0B9B98828D374A800AB75E6 /* SceneDelegate.swift in Sources */ = {isa = PBXBuildFile; fileRef = D0B9B98728D374A800AB75E6 /* SceneDelegate.swift */; };
		D0B9B99028D374A800AB75E6 /* MyWallet.xcdatamodeld in Sources */ = {isa = PBXBuildFile; fileRef = D0B9B98E28D374A800AB75E6 /* MyWallet.xcdatamodeld */; };
		D0B9B99228D374AA00AB75E6 /* Assets.xcassets in Resources */ = {isa = PBXBuildFile; fileRef = D0B9B99128D374AA00AB75E6 /* Assets.xcassets */; };
		D0B9B99528D374AA00AB75E6 /* LaunchScreen.storyboard in Resources */ = {isa = PBXBuildFile; fileRef = D0B9B99328D374AA00AB75E6 /* LaunchScreen.storyboard */; };
		D0CE1A9328D4B66F00E48AB7 /* ErrorMessages.swift in Sources */ = {isa = PBXBuildFile; fileRef = D0CE1A9228D4B66F00E48AB7 /* ErrorMessages.swift */; };
		D0CF381B28DA683F00AD602C /* AddTransactionViewController.swift in Sources */ = {isa = PBXBuildFile; fileRef = D0CF381A28DA683E00AD602C /* AddTransactionViewController.swift */; };
		D0CF381E28DA703C00AD602C /* TransactionViewCell.swift in Sources */ = {isa = PBXBuildFile; fileRef = D0CF381D28DA703C00AD602C /* TransactionViewCell.swift */; };
		D0CF382028DAF39900AD602C /* StringExtension.swift in Sources */ = {isa = PBXBuildFile; fileRef = D0CF381F28DAF39900AD602C /* StringExtension.swift */; };
		D0CF382228DAF7F300AD602C /* NSDateExtension.swift in Sources */ = {isa = PBXBuildFile; fileRef = D0CF382128DAF7F300AD602C /* NSDateExtension.swift */; };
/* End PBXBuildFile section */

/* Begin PBXFileReference section */
		D027350528D9EC35000731F4 /* EUR.swift */ = {isa = PBXFileReference; fileEncoding = 4; lastKnownFileType = sourcecode.swift; path = EUR.swift; sourceTree = "<group>"; };
		D027350628D9EC36000731F4 /* Bpi.swift */ = {isa = PBXFileReference; fileEncoding = 4; lastKnownFileType = sourcecode.swift; path = Bpi.swift; sourceTree = "<group>"; };
		D027350728D9EC36000731F4 /* GBP.swift */ = {isa = PBXFileReference; fileEncoding = 4; lastKnownFileType = sourcecode.swift; path = GBP.swift; sourceTree = "<group>"; };
		D027350828D9EC36000731F4 /* Time.swift */ = {isa = PBXFileReference; fileEncoding = 4; lastKnownFileType = sourcecode.swift; path = Time.swift; sourceTree = "<group>"; };
		D027350928D9EC37000731F4 /* USD.swift */ = {isa = PBXFileReference; fileEncoding = 4; lastKnownFileType = sourcecode.swift; path = USD.swift; sourceTree = "<group>"; };
		D027350A28D9EC37000731F4 /* Request.swift */ = {isa = PBXFileReference; fileEncoding = 4; lastKnownFileType = sourcecode.swift; path = Request.swift; sourceTree = "<group>"; };
		D027351128D9ED06000731F4 /* Montserrat-Medium.ttf */ = {isa = PBXFileReference; lastKnownFileType = file; path = "Montserrat-Medium.ttf"; sourceTree = "<group>"; };
		D027351228D9ED07000731F4 /* Montserrat-SemiBold.ttf */ = {isa = PBXFileReference; lastKnownFileType = file; path = "Montserrat-SemiBold.ttf"; sourceTree = "<group>"; };
		D027351328D9ED07000731F4 /* Montserrat-Regular.ttf */ = {isa = PBXFileReference; lastKnownFileType = file; path = "Montserrat-Regular.ttf"; sourceTree = "<group>"; };
		D029826C28D47376001FDB3A /* HomeViewController.swift */ = {isa = PBXFileReference; lastKnownFileType = sourcecode.swift; path = HomeViewController.swift; sourceTree = "<group>"; };
		D029826E28D47DD8001FDB3A /* UIColorExtension.swift */ = {isa = PBXFileReference; lastKnownFileType = sourcecode.swift; path = UIColorExtension.swift; sourceTree = "<group>"; };
		D03640AA28D497F000BAFD41 /* NetworkRequest.swift */ = {isa = PBXFileReference; lastKnownFileType = sourcecode.swift; path = NetworkRequest.swift; sourceTree = "<group>"; };
		D03A7AD628DC765C003C3AC9 /* DoubleExtension.swift */ = {isa = PBXFileReference; lastKnownFileType = sourcecode.swift; path = DoubleExtension.swift; sourceTree = "<group>"; };
		D03A7AD828DC76B2003C3AC9 /* PaymentExtension.swift */ = {isa = PBXFileReference; lastKnownFileType = sourcecode.swift; path = PaymentExtension.swift; sourceTree = "<group>"; };
		D04342E128DC406F0092DC36 /* UIStackViewExtension.swift */ = {isa = PBXFileReference; lastKnownFileType = sourcecode.swift; path = UIStackViewExtension.swift; sourceTree = "<group>"; };
		D055271228DB9BDD00EEE63F /* UITextFieldExtension.swift */ = {isa = PBXFileReference; lastKnownFileType = sourcecode.swift; path = UITextFieldExtension.swift; sourceTree = "<group>"; };
		D0A187FE28D6776200294D00 /* UIButtonExtension.swift */ = {isa = PBXFileReference; lastKnownFileType = sourcecode.swift; path = UIButtonExtension.swift; sourceTree = "<group>"; };
		D0A1880028D679FD00294D00 /* UILabelExtension.swift */ = {isa = PBXFileReference; lastKnownFileType = sourcecode.swift; path = UILabelExtension.swift; sourceTree = "<group>"; };
		D0A1880228D75F8300294D00 /* DataService.swift */ = {isa = PBXFileReference; lastKnownFileType = sourcecode.swift; path = DataService.swift; sourceTree = "<group>"; };
		D0B9B98228D374A800AB75E6 /* MyWallet.app */ = {isa = PBXFileReference; explicitFileType = wrapper.application; includeInIndex = 0; path = MyWallet.app; sourceTree = BUILT_PRODUCTS_DIR; };
		D0B9B98528D374A800AB75E6 /* AppDelegate.swift */ = {isa = PBXFileReference; lastKnownFileType = sourcecode.swift; path = AppDelegate.swift; sourceTree = "<group>"; };
		D0B9B98728D374A800AB75E6 /* SceneDelegate.swift */ = {isa = PBXFileReference; lastKnownFileType = sourcecode.swift; path = SceneDelegate.swift; sourceTree = "<group>"; };
		D0B9B98F28D374A800AB75E6 /* MyWallet.xcdatamodel */ = {isa = PBXFileReference; lastKnownFileType = wrapper.xcdatamodel; path = MyWallet.xcdatamodel; sourceTree = "<group>"; };
		D0B9B99128D374AA00AB75E6 /* Assets.xcassets */ = {isa = PBXFileReference; lastKnownFileType = folder.assetcatalog; path = Assets.xcassets; sourceTree = "<group>"; };
		D0B9B99428D374AA00AB75E6 /* Base */ = {isa = PBXFileReference; lastKnownFileType = file.storyboard; name = Base; path = Base.lproj/LaunchScreen.storyboard; sourceTree = "<group>"; };
		D0B9B99628D374AA00AB75E6 /* Info.plist */ = {isa = PBXFileReference; lastKnownFileType = text.plist.xml; path = Info.plist; sourceTree = "<group>"; };
		D0CE1A9228D4B66F00E48AB7 /* ErrorMessages.swift */ = {isa = PBXFileReference; lastKnownFileType = sourcecode.swift; path = ErrorMessages.swift; sourceTree = "<group>"; };
		D0CF381A28DA683E00AD602C /* AddTransactionViewController.swift */ = {isa = PBXFileReference; lastKnownFileType = sourcecode.swift; path = AddTransactionViewController.swift; sourceTree = "<group>"; };
		D0CF381D28DA703C00AD602C /* TransactionViewCell.swift */ = {isa = PBXFileReference; lastKnownFileType = sourcecode.swift; path = TransactionViewCell.swift; sourceTree = "<group>"; };
		D0CF381F28DAF39900AD602C /* StringExtension.swift */ = {isa = PBXFileReference; lastKnownFileType = sourcecode.swift; path = StringExtension.swift; sourceTree = "<group>"; };
		D0CF382128DAF7F300AD602C /* NSDateExtension.swift */ = {isa = PBXFileReference; lastKnownFileType = sourcecode.swift; path = NSDateExtension.swift; sourceTree = "<group>"; };
/* End PBXFileReference section */

/* Begin PBXFrameworksBuildPhase section */
		D0B9B97F28D374A800AB75E6 /* Frameworks */ = {
			isa = PBXFrameworksBuildPhase;
			buildActionMask = 2147483647;
			files = (
			);
			runOnlyForDeploymentPostprocessing = 0;
		};
/* End PBXFrameworksBuildPhase section */

/* Begin PBXGroup section */
		D029827028D485FB001FDB3A /* Fonts */ = {
			isa = PBXGroup;
			children = (
				D027351128D9ED06000731F4 /* Montserrat-Medium.ttf */,
				D027351328D9ED07000731F4 /* Montserrat-Regular.ttf */,
				D027351228D9ED07000731F4 /* Montserrat-SemiBold.ttf */,
			);
			path = Fonts;
			sourceTree = "<group>";
		};
		D029827128D48601001FDB3A /* Extensions */ = {
			isa = PBXGroup;
			children = (
				D029826E28D47DD8001FDB3A /* UIColorExtension.swift */,
				D0A187FE28D6776200294D00 /* UIButtonExtension.swift */,
				D0A1880028D679FD00294D00 /* UILabelExtension.swift */,
				D0CF381F28DAF39900AD602C /* StringExtension.swift */,
				D0CF382128DAF7F300AD602C /* NSDateExtension.swift */,
				D055271228DB9BDD00EEE63F /* UITextFieldExtension.swift */,
				D04342E128DC406F0092DC36 /* UIStackViewExtension.swift */,
				D03A7AD628DC765C003C3AC9 /* DoubleExtension.swift */,
				D03A7AD828DC76B2003C3AC9 /* PaymentExtension.swift */,
			);
			path = Extensions;
			sourceTree = "<group>";
		};
		D029827828D49585001FDB3A /* Delegate */ = {
			isa = PBXGroup;
			children = (
				D0B9B98528D374A800AB75E6 /* AppDelegate.swift */,
				D0B9B98728D374A800AB75E6 /* SceneDelegate.swift */,
			);
			path = Delegate;
			sourceTree = "<group>";
		};
		D029827A28D495B4001FDB3A /* HomeViewController */ = {
			isa = PBXGroup;
			children = (
				D029826C28D47376001FDB3A /* HomeViewController.swift */,
			);
			path = HomeViewController;
			sourceTree = "<group>";
		};
		D03640A928D497D500BAFD41 /* NetworkManager */ = {
			isa = PBXGroup;
			children = (
				D03640AA28D497F000BAFD41 /* NetworkRequest.swift */,
			);
			path = NetworkManager;
			sourceTree = "<group>";
		};
		D03640AC28D4A39600BAFD41 /* CurrencyModel */ = {
			isa = PBXGroup;
			children = (
				D027350628D9EC36000731F4 /* Bpi.swift */,
				D027350528D9EC35000731F4 /* EUR.swift */,
				D027350728D9EC36000731F4 /* GBP.swift */,
				D027350A28D9EC37000731F4 /* Request.swift */,
				D027350828D9EC36000731F4 /* Time.swift */,
				D027350928D9EC37000731F4 /* USD.swift */,
			);
			path = CurrencyModel;
			sourceTree = "<group>";
		};
		D0B36D5228D87EE400332CA3 /* DataService */ = {
			isa = PBXGroup;
			children = (
				D0A1880228D75F8300294D00 /* DataService.swift */,
			);
			path = DataService;
			sourceTree = "<group>";
		};
		D0B9B97928D374A800AB75E6 = {
			isa = PBXGroup;
			children = (
				D0B9B98428D374A800AB75E6 /* MyWallet */,
				D0B9B98328D374A800AB75E6 /* Products */,
			);
			sourceTree = "<group>";
		};
		D0B9B98328D374A800AB75E6 /* Products */ = {
			isa = PBXGroup;
			children = (
				D0B9B98228D374A800AB75E6 /* MyWallet.app */,
			);
			name = Products;
			sourceTree = "<group>";
		};
		D0B9B98428D374A800AB75E6 /* MyWallet */ = {
			isa = PBXGroup;
			children = (
				D0CF381C28DA700F00AD602C /* TranscationViewCell */,
				D0CF381928DA682000AD602C /* AddTransactionViewController */,
				D0B36D5228D87EE400332CA3 /* DataService */,
				D0CE1A9128D4B66000E48AB7 /* Errors */,
				D03640AC28D4A39600BAFD41 /* CurrencyModel */,
				D03640A928D497D500BAFD41 /* NetworkManager */,
				D029827A28D495B4001FDB3A /* HomeViewController */,
				D029827828D49585001FDB3A /* Delegate */,
				D029827128D48601001FDB3A /* Extensions */,
				D029827028D485FB001FDB3A /* Fonts */,
				D0B9B99128D374AA00AB75E6 /* Assets.xcassets */,
				D0B9B99328D374AA00AB75E6 /* LaunchScreen.storyboard */,
				D0B9B99628D374AA00AB75E6 /* Info.plist */,
				D0B9B98E28D374A800AB75E6 /* MyWallet.xcdatamodeld */,
			);
			path = MyWallet;
			sourceTree = "<group>";
		};
		D0CE1A9128D4B66000E48AB7 /* Errors */ = {
			isa = PBXGroup;
			children = (
				D0CE1A9228D4B66F00E48AB7 /* ErrorMessages.swift */,
			);
			path = Errors;
			sourceTree = "<group>";
		};
		D0CF381928DA682000AD602C /* AddTransactionViewController */ = {
			isa = PBXGroup;
			children = (
				D0CF381A28DA683E00AD602C /* AddTransactionViewController.swift */,
			);
			path = AddTransactionViewController;
			sourceTree = "<group>";
		};
		D0CF381C28DA700F00AD602C /* TranscationViewCell */ = {
			isa = PBXGroup;
			children = (
				D0CF381D28DA703C00AD602C /* TransactionViewCell.swift */,
			);
			path = TranscationViewCell;
			sourceTree = "<group>";
		};
/* End PBXGroup section */

/* Begin PBXNativeTarget section */
		D0B9B98128D374A800AB75E6 /* MyWallet */ = {
			isa = PBXNativeTarget;
			buildConfigurationList = D0B9B99928D374AA00AB75E6 /* Build configuration list for PBXNativeTarget "MyWallet" */;
			buildPhases = (
				D0B9B97E28D374A800AB75E6 /* Sources */,
				D0B9B97F28D374A800AB75E6 /* Frameworks */,
				D0B9B98028D374A800AB75E6 /* Resources */,
			);
			buildRules = (
			);
			dependencies = (
			);
			name = MyWallet;
			productName = MyWallet;
			productReference = D0B9B98228D374A800AB75E6 /* MyWallet.app */;
			productType = "com.apple.product-type.application";
		};
/* End PBXNativeTarget section */

/* Begin PBXProject section */
		D0B9B97A28D374A800AB75E6 /* Project object */ = {
			isa = PBXProject;
			attributes = {
				BuildIndependentTargetsInParallel = 1;
				LastSwiftUpdateCheck = 1400;
				LastUpgradeCheck = 1400;
				TargetAttributes = {
					D0B9B98128D374A800AB75E6 = {
						CreatedOnToolsVersion = 14.0;
					};
				};
			};
			buildConfigurationList = D0B9B97D28D374A800AB75E6 /* Build configuration list for PBXProject "MyWallet" */;
			compatibilityVersion = "Xcode 14.0";
			developmentRegion = en;
			hasScannedForEncodings = 0;
			knownRegions = (
				en,
				Base,
			);
			mainGroup = D0B9B97928D374A800AB75E6;
			productRefGroup = D0B9B98328D374A800AB75E6 /* Products */;
			projectDirPath = "";
			projectRoot = "";
			targets = (
				D0B9B98128D374A800AB75E6 /* MyWallet */,
			);
		};
/* End PBXProject section */

/* Begin PBXResourcesBuildPhase section */
		D0B9B98028D374A800AB75E6 /* Resources */ = {
			isa = PBXResourcesBuildPhase;
			buildActionMask = 2147483647;
			files = (
				D0B9B99528D374AA00AB75E6 /* LaunchScreen.storyboard in Resources */,
				D027351428D9ED07000731F4 /* Montserrat-Medium.ttf in Resources */,
				D027351528D9ED07000731F4 /* Montserrat-SemiBold.ttf in Resources */,
				D027351628D9ED07000731F4 /* Montserrat-Regular.ttf in Resources */,
				D0B9B99228D374AA00AB75E6 /* Assets.xcassets in Resources */,
			);
			runOnlyForDeploymentPostprocessing = 0;
		};
/* End PBXResourcesBuildPhase section */

/* Begin PBXSourcesBuildPhase section */
		D0B9B97E28D374A800AB75E6 /* Sources */ = {
			isa = PBXSourcesBuildPhase;
			buildActionMask = 2147483647;
			files = (
				D0CE1A9328D4B66F00E48AB7 /* ErrorMessages.swift in Sources */,
				D027350B28D9EC37000731F4 /* EUR.swift in Sources */,
				D027350E28D9EC37000731F4 /* Time.swift in Sources */,
				D0CF381B28DA683F00AD602C /* AddTransactionViewController.swift in Sources */,
				D03640AB28D497F000BAFD41 /* NetworkRequest.swift in Sources */,
				D027350D28D9EC37000731F4 /* GBP.swift in Sources */,
				D027351028D9EC37000731F4 /* Request.swift in Sources */,
				D0CF381E28DA703C00AD602C /* TransactionViewCell.swift in Sources */,
				D027350F28D9EC37000731F4 /* USD.swift in Sources */,
				D03A7AD728DC765C003C3AC9 /* DoubleExtension.swift in Sources */,
				D027350C28D9EC37000731F4 /* Bpi.swift in Sources */,
				D029826D28D47377001FDB3A /* HomeViewController.swift in Sources */,
				D03A7AD928DC76B2003C3AC9 /* PaymentExtension.swift in Sources */,
				D0B9B99028D374A800AB75E6 /* MyWallet.xcdatamodeld in Sources */,
				D0A187FF28D6776200294D00 /* UIButtonExtension.swift in Sources */,
				D0A1880128D679FD00294D00 /* UILabelExtension.swift in Sources */,
				D0B9B98628D374A800AB75E6 /* AppDelegate.swift in Sources */,
				D0B9B98828D374A800AB75E6 /* SceneDelegate.swift in Sources */,
				D055271328DB9BDD00EEE63F /* UITextFieldExtension.swift in Sources */,
				D04342E228DC406F0092DC36 /* UIStackViewExtension.swift in Sources */,
				D0CF382228DAF7F300AD602C /* NSDateExtension.swift in Sources */,
				D0CF382028DAF39900AD602C /* StringExtension.swift in Sources */,
				D029826F28D47DD8001FDB3A /* UIColorExtension.swift in Sources */,
				D0A1880328D75F8300294D00 /* DataService.swift in Sources */,
			);
			runOnlyForDeploymentPostprocessing = 0;
		};
/* End PBXSourcesBuildPhase section */

/* Begin PBXVariantGroup section */
		D0B9B99328D374AA00AB75E6 /* LaunchScreen.storyboard */ = {
			isa = PBXVariantGroup;
			children = (
				D0B9B99428D374AA00AB75E6 /* Base */,
			);
			name = LaunchScreen.storyboard;
			sourceTree = "<group>";
		};
/* End PBXVariantGroup section */

/* Begin XCBuildConfiguration section */
		D0B9B99728D374AA00AB75E6 /* Debug */ = {
			isa = XCBuildConfiguration;
			buildSettings = {
				ALWAYS_SEARCH_USER_PATHS = NO;
				CLANG_ANALYZER_NONNULL = YES;
				CLANG_ANALYZER_NUMBER_OBJECT_CONVERSION = YES_AGGRESSIVE;
				CLANG_CXX_LANGUAGE_STANDARD = "gnu++20";
				CLANG_ENABLE_MODULES = YES;
				CLANG_ENABLE_OBJC_ARC = YES;
				CLANG_ENABLE_OBJC_WEAK = YES;
				CLANG_WARN_BLOCK_CAPTURE_AUTORELEASING = YES;
				CLANG_WARN_BOOL_CONVERSION = YES;
				CLANG_WARN_COMMA = YES;
				CLANG_WARN_CONSTANT_CONVERSION = YES;
				CLANG_WARN_DEPRECATED_OBJC_IMPLEMENTATIONS = YES;
				CLANG_WARN_DIRECT_OBJC_ISA_USAGE = YES_ERROR;
				CLANG_WARN_DOCUMENTATION_COMMENTS = YES;
				CLANG_WARN_EMPTY_BODY = YES;
				CLANG_WARN_ENUM_CONVERSION = YES;
				CLANG_WARN_INFINITE_RECURSION = YES;
				CLANG_WARN_INT_CONVERSION = YES;
				CLANG_WARN_NON_LITERAL_NULL_CONVERSION = YES;
				CLANG_WARN_OBJC_IMPLICIT_RETAIN_SELF = YES;
				CLANG_WARN_OBJC_LITERAL_CONVERSION = YES;
				CLANG_WARN_OBJC_ROOT_CLASS = YES_ERROR;
				CLANG_WARN_QUOTED_INCLUDE_IN_FRAMEWORK_HEADER = YES;
				CLANG_WARN_RANGE_LOOP_ANALYSIS = YES;
				CLANG_WARN_STRICT_PROTOTYPES = YES;
				CLANG_WARN_SUSPICIOUS_MOVE = YES;
				CLANG_WARN_UNGUARDED_AVAILABILITY = YES_AGGRESSIVE;
				CLANG_WARN_UNREACHABLE_CODE = YES;
				CLANG_WARN__DUPLICATE_METHOD_MATCH = YES;
				COPY_PHASE_STRIP = NO;
				DEBUG_INFORMATION_FORMAT = dwarf;
				ENABLE_STRICT_OBJC_MSGSEND = YES;
				ENABLE_TESTABILITY = YES;
				GCC_C_LANGUAGE_STANDARD = gnu11;
				GCC_DYNAMIC_NO_PIC = NO;
				GCC_NO_COMMON_BLOCKS = YES;
				GCC_OPTIMIZATION_LEVEL = 0;
				GCC_PREPROCESSOR_DEFINITIONS = (
					"DEBUG=1",
					"$(inherited)",
				);
				GCC_WARN_64_TO_32_BIT_CONVERSION = YES;
				GCC_WARN_ABOUT_RETURN_TYPE = YES_ERROR;
				GCC_WARN_UNDECLARED_SELECTOR = YES;
				GCC_WARN_UNINITIALIZED_AUTOS = YES_AGGRESSIVE;
				GCC_WARN_UNUSED_FUNCTION = YES;
				GCC_WARN_UNUSED_VARIABLE = YES;
				IPHONEOS_DEPLOYMENT_TARGET = 16.0;
				MTL_ENABLE_DEBUG_INFO = INCLUDE_SOURCE;
				MTL_FAST_MATH = YES;
				ONLY_ACTIVE_ARCH = YES;
				SDKROOT = iphoneos;
				SWIFT_ACTIVE_COMPILATION_CONDITIONS = DEBUG;
				SWIFT_OPTIMIZATION_LEVEL = "-Onone";
			};
			name = Debug;
		};
		D0B9B99828D374AA00AB75E6 /* Release */ = {
			isa = XCBuildConfiguration;
			buildSettings = {
				ALWAYS_SEARCH_USER_PATHS = NO;
				CLANG_ANALYZER_NONNULL = YES;
				CLANG_ANALYZER_NUMBER_OBJECT_CONVERSION = YES_AGGRESSIVE;
				CLANG_CXX_LANGUAGE_STANDARD = "gnu++20";
				CLANG_ENABLE_MODULES = YES;
				CLANG_ENABLE_OBJC_ARC = YES;
				CLANG_ENABLE_OBJC_WEAK = YES;
				CLANG_WARN_BLOCK_CAPTURE_AUTORELEASING = YES;
				CLANG_WARN_BOOL_CONVERSION = YES;
				CLANG_WARN_COMMA = YES;
				CLANG_WARN_CONSTANT_CONVERSION = YES;
				CLANG_WARN_DEPRECATED_OBJC_IMPLEMENTATIONS = YES;
				CLANG_WARN_DIRECT_OBJC_ISA_USAGE = YES_ERROR;
				CLANG_WARN_DOCUMENTATION_COMMENTS = YES;
				CLANG_WARN_EMPTY_BODY = YES;
				CLANG_WARN_ENUM_CONVERSION = YES;
				CLANG_WARN_INFINITE_RECURSION = YES;
				CLANG_WARN_INT_CONVERSION = YES;
				CLANG_WARN_NON_LITERAL_NULL_CONVERSION = YES;
				CLANG_WARN_OBJC_IMPLICIT_RETAIN_SELF = YES;
				CLANG_WARN_OBJC_LITERAL_CONVERSION = YES;
				CLANG_WARN_OBJC_ROOT_CLASS = YES_ERROR;
				CLANG_WARN_QUOTED_INCLUDE_IN_FRAMEWORK_HEADER = YES;
				CLANG_WARN_RANGE_LOOP_ANALYSIS = YES;
				CLANG_WARN_STRICT_PROTOTYPES = YES;
				CLANG_WARN_SUSPICIOUS_MOVE = YES;
				CLANG_WARN_UNGUARDED_AVAILABILITY = YES_AGGRESSIVE;
				CLANG_WARN_UNREACHABLE_CODE = YES;
				CLANG_WARN__DUPLICATE_METHOD_MATCH = YES;
				COPY_PHASE_STRIP = NO;
				DEBUG_INFORMATION_FORMAT = "dwarf-with-dsym";
				ENABLE_NS_ASSERTIONS = NO;
				ENABLE_STRICT_OBJC_MSGSEND = YES;
				GCC_C_LANGUAGE_STANDARD = gnu11;
				GCC_NO_COMMON_BLOCKS = YES;
				GCC_WARN_64_TO_32_BIT_CONVERSION = YES;
				GCC_WARN_ABOUT_RETURN_TYPE = YES_ERROR;
				GCC_WARN_UNDECLARED_SELECTOR = YES;
				GCC_WARN_UNINITIALIZED_AUTOS = YES_AGGRESSIVE;
				GCC_WARN_UNUSED_FUNCTION = YES;
				GCC_WARN_UNUSED_VARIABLE = YES;
				IPHONEOS_DEPLOYMENT_TARGET = 16.0;
				MTL_ENABLE_DEBUG_INFO = NO;
				MTL_FAST_MATH = YES;
				SDKROOT = iphoneos;
				SWIFT_COMPILATION_MODE = wholemodule;
				SWIFT_OPTIMIZATION_LEVEL = "-O";
				VALIDATE_PRODUCT = YES;
			};
			name = Release;
		};
		D0B9B99A28D374AA00AB75E6 /* Debug */ = {
			isa = XCBuildConfiguration;
			buildSettings = {
				ASSETCATALOG_COMPILER_APPICON_NAME = AppIcon;
				ASSETCATALOG_COMPILER_GLOBAL_ACCENT_COLOR_NAME = AccentColor;
				CODE_SIGN_STYLE = Automatic;
				CURRENT_PROJECT_VERSION = 1;
				DEVELOPMENT_TEAM = 39FM4A9F4N;
				GENERATE_INFOPLIST_FILE = YES;
				INFOPLIST_FILE = MyWallet/Info.plist;
				INFOPLIST_KEY_UIApplicationSupportsIndirectInputEvents = YES;
				INFOPLIST_KEY_UILaunchStoryboardName = LaunchScreen;
				INFOPLIST_KEY_UISupportedInterfaceOrientations = UIInterfaceOrientationPortrait;
				INFOPLIST_KEY_UISupportedInterfaceOrientations_iPad = "UIInterfaceOrientationLandscapeLeft UIInterfaceOrientationLandscapeRight UIInterfaceOrientationPortrait UIInterfaceOrientationPortraitUpsideDown";
				IPHONEOS_DEPLOYMENT_TARGET = 15.1;
				LD_RUNPATH_SEARCH_PATHS = (
					"$(inherited)",
					"@executable_path/Frameworks",
				);
				MARKETING_VERSION = 1.0;
				PRODUCT_BUNDLE_IDENTIFIER = bagan.pavel.MyWallet;
				PRODUCT_NAME = "$(TARGET_NAME)";
				SUPPORTED_PLATFORMS = "iphoneos iphonesimulator";
				SUPPORTS_MACCATALYST = NO;
				SUPPORTS_MAC_DESIGNED_FOR_IPHONE_IPAD = YES;
				SWIFT_EMIT_LOC_STRINGS = YES;
				SWIFT_VERSION = 5.0;
				TARGETED_DEVICE_FAMILY = 1;
			};
			name = Debug;
		};
		D0B9B99B28D374AA00AB75E6 /* Release */ = {
			isa = XCBuildConfiguration;
			buildSettings = {
				ASSETCATALOG_COMPILER_APPICON_NAME = AppIcon;
				ASSETCATALOG_COMPILER_GLOBAL_ACCENT_COLOR_NAME = AccentColor;
				CODE_SIGN_STYLE = Automatic;
				CURRENT_PROJECT_VERSION = 1;
				DEVELOPMENT_TEAM = 39FM4A9F4N;
				GENERATE_INFOPLIST_FILE = YES;
				INFOPLIST_FILE = MyWallet/Info.plist;
				INFOPLIST_KEY_UIApplicationSupportsIndirectInputEvents = YES;
				INFOPLIST_KEY_UILaunchStoryboardName = LaunchScreen;
				INFOPLIST_KEY_UISupportedInterfaceOrientations = UIInterfaceOrientationPortrait;
				INFOPLIST_KEY_UISupportedInterfaceOrientations_iPad = "UIInterfaceOrientationLandscapeLeft UIInterfaceOrientationLandscapeRight UIInterfaceOrientationPortrait UIInterfaceOrientationPortraitUpsideDown";
				IPHONEOS_DEPLOYMENT_TARGET = 15.1;
				LD_RUNPATH_SEARCH_PATHS = (
					"$(inherited)",
					"@executable_path/Frameworks",
				);
				MARKETING_VERSION = 1.0;
				PRODUCT_BUNDLE_IDENTIFIER = bagan.pavel.MyWallet;
				PRODUCT_NAME = "$(TARGET_NAME)";
				SUPPORTED_PLATFORMS = "iphoneos iphonesimulator";
				SUPPORTS_MACCATALYST = NO;
				SUPPORTS_MAC_DESIGNED_FOR_IPHONE_IPAD = YES;
				SWIFT_EMIT_LOC_STRINGS = YES;
				SWIFT_VERSION = 5.0;
				TARGETED_DEVICE_FAMILY = 1;
			};
			name = Release;
		};
/* End XCBuildConfiguration section */

/* Begin XCConfigurationList section */
		D0B9B97D28D374A800AB75E6 /* Build configuration list for PBXProject "MyWallet" */ = {
			isa = XCConfigurationList;
			buildConfigurations = (
				D0B9B99728D374AA00AB75E6 /* Debug */,
				D0B9B99828D374AA00AB75E6 /* Release */,
			);
			defaultConfigurationIsVisible = 0;
			defaultConfigurationName = Release;
		};
		D0B9B99928D374AA00AB75E6 /* Build configuration list for PBXNativeTarget "MyWallet" */ = {
			isa = XCConfigurationList;
			buildConfigurations = (
				D0B9B99A28D374AA00AB75E6 /* Debug */,
				D0B9B99B28D374AA00AB75E6 /* Release */,
			);
			defaultConfigurationIsVisible = 0;
			defaultConfigurationName = Release;
		};
/* End XCConfigurationList section */

/* Begin XCVersionGroup section */
		D0B9B98E28D374A800AB75E6 /* MyWallet.xcdatamodeld */ = {
			isa = XCVersionGroup;
			children = (
				D0B9B98F28D374A800AB75E6 /* MyWallet.xcdatamodel */,
			);
			currentVersion = D0B9B98F28D374A800AB75E6 /* MyWallet.xcdatamodel */;
			path = MyWallet.xcdatamodeld;
			sourceTree = "<group>";
			versionGroupType = wrapper.xcdatamodel;
		};
/* End XCVersionGroup section */
	};
	rootObject = D0B9B97A28D374A800AB75E6 /* Project object */;
}
